
Microsoft Visual Studio Solution File, Format Version 12.00
# Visual Studio 2013
VisualStudioVersion = 12.0.31101.0
MinimumVisualStudioVersion = 10.0.40219.1
Project("{FAE04EC0-301F-11D3-BF4B-00C04F79EFBC}") = "Examples.Tests", "Examples.Tests\Examples.Tests.csproj", "{46AED508-3BE7-4F68-9E8C-C61F41E6EFE7}"
EndProject
Project("{FAE04EC0-301F-11D3-BF4B-00C04F79EFBC}") = "Examples", "Examples\Examples.csproj", "{F4B985A2-03AA-4984-ABC4-4E98B4416CDD}"
EndProject
Project("{2150E333-8FDC-42A3-9474-1A3956D46DE8}") = "1 - Hello World", "1 - Hello World", "{0F7615B9-6ECC-4CCC-94AD-A79767C46D52}"
EndProject
Project("{FAE04EC0-301F-11D3-BF4B-00C04F79EFBC}") = "HelloWorld", "HelloWorld\HelloWorld.csproj", "{C61DF593-BC02-4B81-B556-08F341FCD73A}"
EndProject
Project("{2150E333-8FDC-42A3-9474-1A3956D46DE8}") = ".nuget", ".nuget", "{0FE403EB-6FC8-4955-A5F4-B1EF726BA3A2}"
	ProjectSection(SolutionItems) = preProject
		.nuget\NuGet.Config = .nuget\NuGet.Config
		.nuget\NuGet.exe = .nuget\NuGet.exe
		.nuget\NuGet.targets = .nuget\NuGet.targets
	EndProjectSection
EndProject
Project("{2150E333-8FDC-42A3-9474-1A3956D46DE8}") = "2 - Passing Parameters to Threads", "2 - Passing Parameters to Threads", "{3EA89FF2-0052-46AA-9A3C-74960E386306}"
EndProject
Project("{FAE04EC0-301F-11D3-BF4B-00C04F79EFBC}") = "ViaAnInstance", "PassingParametersToThreads\ViaAnInstance.csproj", "{1FBDE556-92D9-4B73-AF5F-FA43FCA33135}"
EndProject
Project("{FAE04EC0-301F-11D3-BF4B-00C04F79EFBC}") = "ViaAnonymousMethod", "ViaAnonymousMethod\ViaAnonymousMethod.csproj", "{3A1FB067-7BAA-4A33-B85C-DEC0486D6897}"
EndProject
Project("{FAE04EC0-301F-11D3-BF4B-00C04F79EFBC}") = "ViaParameterizedThreadStart", "ViaParameterizedThreadStart\ViaParameterizedThreadStart.csproj", "{95C44271-76C2-4DA2-BF1D-43F6BA9CBAD6}"
EndProject
Project("{2150E333-8FDC-42A3-9474-1A3956D46DE8}") = "3 - Data Races and Locking", "3 - Data Races and Locking", "{1713433E-D5DD-4D97-B72E-4A381BF61A21}"
EndProject
Project("{FAE04EC0-301F-11D3-BF4B-00C04F79EFBC}") = "IncrementingCounts1", "IncrementingCounts\IncrementingCounts1.csproj", "{26160C1C-36E0-41DA-AA67-66484B1B33B4}"
EndProject
Project("{FAE04EC0-301F-11D3-BF4B-00C04F79EFBC}") = "IncrementingCounts2", "IncrementingCounts2\IncrementingCounts2.csproj", "{78907610-9B9D-42B1-80E3-3F4794046DA7}"
EndProject
Project("{FAE04EC0-301F-11D3-BF4B-00C04F79EFBC}") = "IncrementingCounts3", "IncrementingCounts3\IncrementingCounts3.csproj", "{47725A05-DA9A-477D-B3F1-8DD0EDE35F78}"
EndProject
Project("{FAE04EC0-301F-11D3-BF4B-00C04F79EFBC}") = "IncrementingCounts4", "IncrementingCounts4\IncrementingCounts4.csproj", "{A72F9913-A77C-4F85-864E-509DEEE5AB81}"
EndProject
Global
	GlobalSection(SolutionConfigurationPlatforms) = preSolution
		Debug|Any CPU = Debug|Any CPU
		Release|Any CPU = Release|Any CPU
	EndGlobalSection
	GlobalSection(ProjectConfigurationPlatforms) = postSolution
		{46AED508-3BE7-4F68-9E8C-C61F41E6EFE7}.Debug|Any CPU.ActiveCfg = Debug|Any CPU
		{46AED508-3BE7-4F68-9E8C-C61F41E6EFE7}.Debug|Any CPU.Build.0 = Debug|Any CPU
		{46AED508-3BE7-4F68-9E8C-C61F41E6EFE7}.Release|Any CPU.ActiveCfg = Release|Any CPU
		{46AED508-3BE7-4F68-9E8C-C61F41E6EFE7}.Release|Any CPU.Build.0 = Release|Any CPU
		{F4B985A2-03AA-4984-ABC4-4E98B4416CDD}.Debug|Any CPU.ActiveCfg = Debug|Any CPU
		{F4B985A2-03AA-4984-ABC4-4E98B4416CDD}.Debug|Any CPU.Build.0 = Debug|Any CPU
		{F4B985A2-03AA-4984-ABC4-4E98B4416CDD}.Release|Any CPU.ActiveCfg = Release|Any CPU
		{F4B985A2-03AA-4984-ABC4-4E98B4416CDD}.Release|Any CPU.Build.0 = Release|Any CPU
		{C61DF593-BC02-4B81-B556-08F341FCD73A}.Debug|Any CPU.ActiveCfg = Debug|Any CPU
		{C61DF593-BC02-4B81-B556-08F341FCD73A}.Debug|Any CPU.Build.0 = Debug|Any CPU
		{C61DF593-BC02-4B81-B556-08F341FCD73A}.Release|Any CPU.ActiveCfg = Release|Any CPU
		{C61DF593-BC02-4B81-B556-08F341FCD73A}.Release|Any CPU.Build.0 = Release|Any CPU
		{1FBDE556-92D9-4B73-AF5F-FA43FCA33135}.Debug|Any CPU.ActiveCfg = Debug|Any CPU
		{1FBDE556-92D9-4B73-AF5F-FA43FCA33135}.Debug|Any CPU.Build.0 = Debug|Any CPU
		{1FBDE556-92D9-4B73-AF5F-FA43FCA33135}.Release|Any CPU.ActiveCfg = Release|Any CPU
		{1FBDE556-92D9-4B73-AF5F-FA43FCA33135}.Release|Any CPU.Build.0 = Release|Any CPU
		{3A1FB067-7BAA-4A33-B85C-DEC0486D6897}.Debug|Any CPU.ActiveCfg = Debug|Any CPU
		{3A1FB067-7BAA-4A33-B85C-DEC0486D6897}.Debug|Any CPU.Build.0 = Debug|Any CPU
		{3A1FB067-7BAA-4A33-B85C-DEC0486D6897}.Release|Any CPU.ActiveCfg = Release|Any CPU
		{3A1FB067-7BAA-4A33-B85C-DEC0486D6897}.Release|Any CPU.Build.0 = Release|Any CPU
		{95C44271-76C2-4DA2-BF1D-43F6BA9CBAD6}.Debug|Any CPU.ActiveCfg = Debug|Any CPU
		{95C44271-76C2-4DA2-BF1D-43F6BA9CBAD6}.Debug|Any CPU.Build.0 = Debug|Any CPU
		{95C44271-76C2-4DA2-BF1D-43F6BA9CBAD6}.Release|Any CPU.ActiveCfg = Release|Any CPU
		{95C44271-76C2-4DA2-BF1D-43F6BA9CBAD6}.Release|Any CPU.Build.0 = Release|Any CPU
		{26160C1C-36E0-41DA-AA67-66484B1B33B4}.Debug|Any CPU.ActiveCfg = Debug|Any CPU
		{26160C1C-36E0-41DA-AA67-66484B1B33B4}.Debug|Any CPU.Build.0 = Debug|Any CPU
		{26160C1C-36E0-41DA-AA67-66484B1B33B4}.Release|Any CPU.ActiveCfg = Release|Any CPU
		{26160C1C-36E0-41DA-AA67-66484B1B33B4}.Release|Any CPU.Build.0 = Release|Any CPU
		{78907610-9B9D-42B1-80E3-3F4794046DA7}.Debug|Any CPU.ActiveCfg = Debug|Any CPU
		{78907610-9B9D-42B1-80E3-3F4794046DA7}.Debug|Any CPU.Build.0 = Debug|Any CPU
		{78907610-9B9D-42B1-80E3-3F4794046DA7}.Release|Any CPU.ActiveCfg = Release|Any CPU
		{78907610-9B9D-42B1-80E3-3F4794046DA7}.Release|Any CPU.Build.0 = Release|Any CPU
		{47725A05-DA9A-477D-B3F1-8DD0EDE35F78}.Debug|Any CPU.ActiveCfg = Debug|Any CPU
		{47725A05-DA9A-477D-B3F1-8DD0EDE35F78}.Debug|Any CPU.Build.0 = Debug|Any CPU
		{47725A05-DA9A-477D-B3F1-8DD0EDE35F78}.Release|Any CPU.ActiveCfg = Release|Any CPU
		{47725A05-DA9A-477D-B3F1-8DD0EDE35F78}.Release|Any CPU.Build.0 = Release|Any CPU
		{A72F9913-A77C-4F85-864E-509DEEE5AB81}.Debug|Any CPU.ActiveCfg = Debug|Any CPU
		{A72F9913-A77C-4F85-864E-509DEEE5AB81}.Debug|Any CPU.Build.0 = Debug|Any CPU
		{A72F9913-A77C-4F85-864E-509DEEE5AB81}.Release|Any CPU.ActiveCfg = Release|Any CPU
		{A72F9913-A77C-4F85-864E-509DEEE5AB81}.Release|Any CPU.Build.0 = Release|Any CPU
	EndGlobalSection
	GlobalSection(SolutionProperties) = preSolution
		HideSolutionNode = FALSE
	EndGlobalSection
	GlobalSection(NestedProjects) = preSolution
		{C61DF593-BC02-4B81-B556-08F341FCD73A} = {0F7615B9-6ECC-4CCC-94AD-A79767C46D52}
		{1FBDE556-92D9-4B73-AF5F-FA43FCA33135} = {3EA89FF2-0052-46AA-9A3C-74960E386306}
		{3A1FB067-7BAA-4A33-B85C-DEC0486D6897} = {3EA89FF2-0052-46AA-9A3C-74960E386306}
		{95C44271-76C2-4DA2-BF1D-43F6BA9CBAD6} = {3EA89FF2-0052-46AA-9A3C-74960E386306}
		{26160C1C-36E0-41DA-AA67-66484B1B33B4} = {1713433E-D5DD-4D97-B72E-4A381BF61A21}
		{78907610-9B9D-42B1-80E3-3F4794046DA7} = {1713433E-D5DD-4D97-B72E-4A381BF61A21}
		{47725A05-DA9A-477D-B3F1-8DD0EDE35F78} = {1713433E-D5DD-4D97-B72E-4A381BF61A21}
		{A72F9913-A77C-4F85-864E-509DEEE5AB81} = {1713433E-D5DD-4D97-B72E-4A381BF61A21}
	EndGlobalSection
EndGlobal
