
Microsoft Visual Studio Solution File, Format Version 12.00
# Visual Studio 2013
VisualStudioVersion = 12.0.31101.0
MinimumVisualStudioVersion = 10.0.40219.1
Project("{2150E333-8FDC-42A3-9474-1A3956D46DE8}") = "1 - Hello World", "1 - Hello World", "{0F7615B9-6ECC-4CCC-94AD-A79767C46D52}"
EndProject
Project("{FAE04EC0-301F-11D3-BF4B-00C04F79EFBC}") = "HelloWorld", "HelloWorld\HelloWorld.csproj", "{C61DF593-BC02-4B81-B556-08F341FCD73A}"
EndProject
Project("{2150E333-8FDC-42A3-9474-1A3956D46DE8}") = ".nuget", ".nuget", "{0FE403EB-6FC8-4955-A5F4-B1EF726BA3A2}"
	ProjectSection(SolutionItems) = preProject
		.nuget\NuGet.Config = .nuget\NuGet.Config
		.nuget\NuGet.exe = .nuget\NuGet.exe
		.nuget\NuGet.targets = .nuget\NuGet.targets
	EndProjectSection
EndProject
Project("{2150E333-8FDC-42A3-9474-1A3956D46DE8}") = "2 - Passing Parameters to Threads", "2 - Passing Parameters to Threads", "{3EA89FF2-0052-46AA-9A3C-74960E386306}"
EndProject
Project("{FAE04EC0-301F-11D3-BF4B-00C04F79EFBC}") = "ViaAnInstance", "PassingParametersToThreads\ViaAnInstance.csproj", "{1FBDE556-92D9-4B73-AF5F-FA43FCA33135}"
EndProject
Project("{FAE04EC0-301F-11D3-BF4B-00C04F79EFBC}") = "ViaAnonymousMethod", "ViaAnonymousMethod\ViaAnonymousMethod.csproj", "{3A1FB067-7BAA-4A33-B85C-DEC0486D6897}"
EndProject
Project("{FAE04EC0-301F-11D3-BF4B-00C04F79EFBC}") = "ViaParameterizedThreadStart", "ViaParameterizedThreadStart\ViaParameterizedThreadStart.csproj", "{95C44271-76C2-4DA2-BF1D-43F6BA9CBAD6}"
EndProject
Project("{2150E333-8FDC-42A3-9474-1A3956D46DE8}") = "3 - Data Races and Locking", "3 - Data Races and Locking", "{1713433E-D5DD-4D97-B72E-4A381BF61A21}"
EndProject
Project("{FAE04EC0-301F-11D3-BF4B-00C04F79EFBC}") = "IncrementingCounts1", "IncrementingCounts\IncrementingCounts1.csproj", "{26160C1C-36E0-41DA-AA67-66484B1B33B4}"
EndProject
Project("{FAE04EC0-301F-11D3-BF4B-00C04F79EFBC}") = "IncrementingCounts2", "IncrementingCounts2\IncrementingCounts2.csproj", "{78907610-9B9D-42B1-80E3-3F4794046DA7}"
EndProject
Project("{FAE04EC0-301F-11D3-BF4B-00C04F79EFBC}") = "IncrementingCounts3", "IncrementingCounts3\IncrementingCounts3.csproj", "{47725A05-DA9A-477D-B3F1-8DD0EDE35F78}"
EndProject
Project("{FAE04EC0-301F-11D3-BF4B-00C04F79EFBC}") = "IncrementingCounts4", "IncrementingCounts4\IncrementingCounts4.csproj", "{A72F9913-A77C-4F85-864E-509DEEE5AB81}"
EndProject
Project("{2150E333-8FDC-42A3-9474-1A3956D46DE8}") = "4 - Deadlocks, Waiting, an Pulsing", "4 - Deadlocks, Waiting, an Pulsing", "{D983A532-EE4A-4B68-8F25-E48BAED9B042}"
EndProject
Project("{FAE04EC0-301F-11D3-BF4B-00C04F79EFBC}") = "DeadlockExample", "DeadlockExample\DeadlockExample.csproj", "{A715F6E4-D7DA-4852-8AC8-69F68002AF8B}"
EndProject
Project("{FAE04EC0-301F-11D3-BF4B-00C04F79EFBC}") = "WaitingAndPulsing", "WaitingAndPulsing\WaitingAndPulsing.csproj", "{F54A6F6B-4926-4375-AEE6-78409403FE18}"
EndProject
Project("{2150E333-8FDC-42A3-9474-1A3956D46DE8}") = "5 - WaitHandles, ResetEvents, and Mutex", "5 - WaitHandles, ResetEvents, and Mutex", "{F12589BC-1FCE-4B26-AB9F-DF7E73422AAA}"
EndProject
Project("{FAE04EC0-301F-11D3-BF4B-00C04F79EFBC}") = "ResetEvents", "ResetEvents\ResetEvents.csproj", "{7D7EA859-6362-48EE-8D83-EDB69AE3B02E}"
EndProject
Project("{FAE04EC0-301F-11D3-BF4B-00C04F79EFBC}") = "Mutex1", "Mutex1\Mutex1.csproj", "{87CD66BA-A345-41F4-AE31-B91ED3834EEB}"
EndProject
Project("{FAE04EC0-301F-11D3-BF4B-00C04F79EFBC}") = "Mutex2", "Mutex2\Mutex2.csproj", "{0541D36A-8911-4225-ABC4-ECA8E3E25F4D}"
EndProject
Project("{2150E333-8FDC-42A3-9474-1A3956D46DE8}") = "6 - Thread Pool and Async Methods", "6 - Thread Pool and Async Methods", "{A32040A2-4D1A-48AF-845C-B0E8115C5165}"
EndProject
Project("{FAE04EC0-301F-11D3-BF4B-00C04F79EFBC}") = "ThreadPool1", "ThreadPool1\ThreadPool1.csproj", "{180A584C-4A98-4AE2-AC0E-9E8CDE7C4699}"
EndProject
Project("{FAE04EC0-301F-11D3-BF4B-00C04F79EFBC}") = "Async1", "Async1\Async1.csproj", "{0107BF9E-8C9E-4BC5-9912-9298D191C3F7}"
EndProject
Project("{FAE04EC0-301F-11D3-BF4B-00C04F79EFBC}") = "Async2", "Async2\Async2.csproj", "{0E43E78A-D490-4097-9977-9298C60D977C}"
EndProject
Project("{2150E333-8FDC-42A3-9474-1A3956D46DE8}") = "7 - Gracefully Stopping Threads", "7 - Gracefully Stopping Threads", "{E7382407-46BB-44CC-B9B1-8891FAE47B3A}"
EndProject
Project("{FAE04EC0-301F-11D3-BF4B-00C04F79EFBC}") = "ShuttingDown", "ShuttingDown\ShuttingDown.csproj", "{87305962-7E4A-43FF-95EF-075AFAFA7FE5}"
EndProject
Project("{2150E333-8FDC-42A3-9474-1A3956D46DE8}") = "Examples", "Examples", "{59CB8F58-C619-4EFF-B58B-18CC31BB6C9B}"
EndProject
Project("{FAE04EC0-301F-11D3-BF4B-00C04F79EFBC}") = "Resources", "Resources\Resources.csproj", "{F4B985A2-03AA-4984-ABC4-4E98B4416CDD}"
EndProject
Project("{FAE04EC0-301F-11D3-BF4B-00C04F79EFBC}") = "Resources.Tests", "Resources.Tests\Resources.Tests.csproj", "{46AED508-3BE7-4F68-9E8C-C61F41E6EFE7}"
EndProject
Project("{FAE04EC0-301F-11D3-BF4B-00C04F79EFBC}") = "StringComparisons", "StringComparisons\StringComparisons.csproj", "{5C0DEBF9-6874-4294-BDDE-2C74FC47ABB1}"
EndProject
Project("{2150E333-8FDC-42A3-9474-1A3956D46DE8}") = "Design Patterns", "Design Patterns", "{1B413FD2-7B7A-4435-B437-63A7CCEA9D89}"
EndProject
Project("{FAE04EC0-301F-11D3-BF4B-00C04F79EFBC}") = "1 - ParallelLoops", "ParallelLoops\1 - ParallelLoops.csproj", "{F368A1CF-B2E6-4C76-9820-AE6A06198E74}"
EndProject
Project("{FAE04EC0-301F-11D3-BF4B-00C04F79EFBC}") = "QuickSort", "QuickSort\QuickSort.csproj", "{0578F891-5D69-4956-B153-591F8DB923B1}"
EndProject
Project("{FAE04EC0-301F-11D3-BF4B-00C04F79EFBC}") = "2 - ParallelTasks", "ParallelTasks\2 - ParallelTasks.csproj", "{8C5A0A06-2F37-4F1C-A798-BFE3230FD9B9}"
EndProject
Project("{FAE04EC0-301F-11D3-BF4B-00C04F79EFBC}") = "3 - ParallelAggregation", "ParallelAggregation\3 - ParallelAggregation.csproj", "{3557BF11-DE3C-411F-8BB8-627CCC2B60E1}"
EndProject
Project("{FAE04EC0-301F-11D3-BF4B-00C04F79EFBC}") = "4 - Futures", "Futures\4 - Futures.csproj", "{7CFB7D45-CB87-4814-9B30-D1674C6B2B84}"
EndProject
Project("{FAE04EC0-301F-11D3-BF4B-00C04F79EFBC}") = "5 - Pipelines", "Pipelines\5 - Pipelines.csproj", "{BA28803D-647A-4BF0-A1FC-920AA7B67738}"
EndProject
Project("{FAE04EC0-301F-11D3-BF4B-00C04F79EFBC}") = "AsyncControllers", "AsyncControllers\AsyncControllers.csproj", "{A5493C39-A1CD-41B4-A161-A210B8AA2F92}"
EndProject
Project("{FAE04EC0-301F-11D3-BF4B-00C04F79EFBC}") = "AsyncControllers.Tests", "AsyncControllers.Tests\AsyncControllers.Tests.csproj", "{75D861A3-0B02-4831-A9DB-8402539F991C}"
EndProject
Project("{2150E333-8FDC-42A3-9474-1A3956D46DE8}") = "Threading Basics", "Threading Basics", "{2E32A786-B1E4-40C6-8237-32526CB3EFB9}"
EndProject
Global
	GlobalSection(SolutionConfigurationPlatforms) = preSolution
		Debug|Any CPU = Debug|Any CPU
		Release|Any CPU = Release|Any CPU
	EndGlobalSection
	GlobalSection(ProjectConfigurationPlatforms) = postSolution
		{C61DF593-BC02-4B81-B556-08F341FCD73A}.Debug|Any CPU.ActiveCfg = Debug|Any CPU
		{C61DF593-BC02-4B81-B556-08F341FCD73A}.Debug|Any CPU.Build.0 = Debug|Any CPU
		{C61DF593-BC02-4B81-B556-08F341FCD73A}.Release|Any CPU.ActiveCfg = Release|Any CPU
		{C61DF593-BC02-4B81-B556-08F341FCD73A}.Release|Any CPU.Build.0 = Release|Any CPU
		{1FBDE556-92D9-4B73-AF5F-FA43FCA33135}.Debug|Any CPU.ActiveCfg = Debug|Any CPU
		{1FBDE556-92D9-4B73-AF5F-FA43FCA33135}.Debug|Any CPU.Build.0 = Debug|Any CPU
		{1FBDE556-92D9-4B73-AF5F-FA43FCA33135}.Release|Any CPU.ActiveCfg = Release|Any CPU
		{1FBDE556-92D9-4B73-AF5F-FA43FCA33135}.Release|Any CPU.Build.0 = Release|Any CPU
		{3A1FB067-7BAA-4A33-B85C-DEC0486D6897}.Debug|Any CPU.ActiveCfg = Debug|Any CPU
		{3A1FB067-7BAA-4A33-B85C-DEC0486D6897}.Debug|Any CPU.Build.0 = Debug|Any CPU
		{3A1FB067-7BAA-4A33-B85C-DEC0486D6897}.Release|Any CPU.ActiveCfg = Release|Any CPU
		{3A1FB067-7BAA-4A33-B85C-DEC0486D6897}.Release|Any CPU.Build.0 = Release|Any CPU
		{95C44271-76C2-4DA2-BF1D-43F6BA9CBAD6}.Debug|Any CPU.ActiveCfg = Debug|Any CPU
		{95C44271-76C2-4DA2-BF1D-43F6BA9CBAD6}.Debug|Any CPU.Build.0 = Debug|Any CPU
		{95C44271-76C2-4DA2-BF1D-43F6BA9CBAD6}.Release|Any CPU.ActiveCfg = Release|Any CPU
		{95C44271-76C2-4DA2-BF1D-43F6BA9CBAD6}.Release|Any CPU.Build.0 = Release|Any CPU
		{26160C1C-36E0-41DA-AA67-66484B1B33B4}.Debug|Any CPU.ActiveCfg = Debug|Any CPU
		{26160C1C-36E0-41DA-AA67-66484B1B33B4}.Debug|Any CPU.Build.0 = Debug|Any CPU
		{26160C1C-36E0-41DA-AA67-66484B1B33B4}.Release|Any CPU.ActiveCfg = Release|Any CPU
		{26160C1C-36E0-41DA-AA67-66484B1B33B4}.Release|Any CPU.Build.0 = Release|Any CPU
		{78907610-9B9D-42B1-80E3-3F4794046DA7}.Debug|Any CPU.ActiveCfg = Debug|Any CPU
		{78907610-9B9D-42B1-80E3-3F4794046DA7}.Debug|Any CPU.Build.0 = Debug|Any CPU
		{78907610-9B9D-42B1-80E3-3F4794046DA7}.Release|Any CPU.ActiveCfg = Release|Any CPU
		{78907610-9B9D-42B1-80E3-3F4794046DA7}.Release|Any CPU.Build.0 = Release|Any CPU
		{47725A05-DA9A-477D-B3F1-8DD0EDE35F78}.Debug|Any CPU.ActiveCfg = Debug|Any CPU
		{47725A05-DA9A-477D-B3F1-8DD0EDE35F78}.Debug|Any CPU.Build.0 = Debug|Any CPU
		{47725A05-DA9A-477D-B3F1-8DD0EDE35F78}.Release|Any CPU.ActiveCfg = Release|Any CPU
		{47725A05-DA9A-477D-B3F1-8DD0EDE35F78}.Release|Any CPU.Build.0 = Release|Any CPU
		{A72F9913-A77C-4F85-864E-509DEEE5AB81}.Debug|Any CPU.ActiveCfg = Debug|Any CPU
		{A72F9913-A77C-4F85-864E-509DEEE5AB81}.Debug|Any CPU.Build.0 = Debug|Any CPU
		{A72F9913-A77C-4F85-864E-509DEEE5AB81}.Release|Any CPU.ActiveCfg = Release|Any CPU
		{A72F9913-A77C-4F85-864E-509DEEE5AB81}.Release|Any CPU.Build.0 = Release|Any CPU
		{A715F6E4-D7DA-4852-8AC8-69F68002AF8B}.Debug|Any CPU.ActiveCfg = Debug|Any CPU
		{A715F6E4-D7DA-4852-8AC8-69F68002AF8B}.Debug|Any CPU.Build.0 = Debug|Any CPU
		{A715F6E4-D7DA-4852-8AC8-69F68002AF8B}.Release|Any CPU.ActiveCfg = Release|Any CPU
		{A715F6E4-D7DA-4852-8AC8-69F68002AF8B}.Release|Any CPU.Build.0 = Release|Any CPU
		{F54A6F6B-4926-4375-AEE6-78409403FE18}.Debug|Any CPU.ActiveCfg = Debug|Any CPU
		{F54A6F6B-4926-4375-AEE6-78409403FE18}.Debug|Any CPU.Build.0 = Debug|Any CPU
		{F54A6F6B-4926-4375-AEE6-78409403FE18}.Release|Any CPU.ActiveCfg = Release|Any CPU
		{F54A6F6B-4926-4375-AEE6-78409403FE18}.Release|Any CPU.Build.0 = Release|Any CPU
		{7D7EA859-6362-48EE-8D83-EDB69AE3B02E}.Debug|Any CPU.ActiveCfg = Debug|Any CPU
		{7D7EA859-6362-48EE-8D83-EDB69AE3B02E}.Debug|Any CPU.Build.0 = Debug|Any CPU
		{7D7EA859-6362-48EE-8D83-EDB69AE3B02E}.Release|Any CPU.ActiveCfg = Release|Any CPU
		{7D7EA859-6362-48EE-8D83-EDB69AE3B02E}.Release|Any CPU.Build.0 = Release|Any CPU
		{87CD66BA-A345-41F4-AE31-B91ED3834EEB}.Debug|Any CPU.ActiveCfg = Debug|Any CPU
		{87CD66BA-A345-41F4-AE31-B91ED3834EEB}.Debug|Any CPU.Build.0 = Debug|Any CPU
		{87CD66BA-A345-41F4-AE31-B91ED3834EEB}.Release|Any CPU.ActiveCfg = Release|Any CPU
		{87CD66BA-A345-41F4-AE31-B91ED3834EEB}.Release|Any CPU.Build.0 = Release|Any CPU
		{0541D36A-8911-4225-ABC4-ECA8E3E25F4D}.Debug|Any CPU.ActiveCfg = Debug|Any CPU
		{0541D36A-8911-4225-ABC4-ECA8E3E25F4D}.Debug|Any CPU.Build.0 = Debug|Any CPU
		{0541D36A-8911-4225-ABC4-ECA8E3E25F4D}.Release|Any CPU.ActiveCfg = Release|Any CPU
		{0541D36A-8911-4225-ABC4-ECA8E3E25F4D}.Release|Any CPU.Build.0 = Release|Any CPU
		{180A584C-4A98-4AE2-AC0E-9E8CDE7C4699}.Debug|Any CPU.ActiveCfg = Debug|Any CPU
		{180A584C-4A98-4AE2-AC0E-9E8CDE7C4699}.Debug|Any CPU.Build.0 = Debug|Any CPU
		{180A584C-4A98-4AE2-AC0E-9E8CDE7C4699}.Release|Any CPU.ActiveCfg = Release|Any CPU
		{180A584C-4A98-4AE2-AC0E-9E8CDE7C4699}.Release|Any CPU.Build.0 = Release|Any CPU
		{0107BF9E-8C9E-4BC5-9912-9298D191C3F7}.Debug|Any CPU.ActiveCfg = Debug|Any CPU
		{0107BF9E-8C9E-4BC5-9912-9298D191C3F7}.Debug|Any CPU.Build.0 = Debug|Any CPU
		{0107BF9E-8C9E-4BC5-9912-9298D191C3F7}.Release|Any CPU.ActiveCfg = Release|Any CPU
		{0107BF9E-8C9E-4BC5-9912-9298D191C3F7}.Release|Any CPU.Build.0 = Release|Any CPU
		{0E43E78A-D490-4097-9977-9298C60D977C}.Debug|Any CPU.ActiveCfg = Debug|Any CPU
		{0E43E78A-D490-4097-9977-9298C60D977C}.Debug|Any CPU.Build.0 = Debug|Any CPU
		{0E43E78A-D490-4097-9977-9298C60D977C}.Release|Any CPU.ActiveCfg = Release|Any CPU
		{0E43E78A-D490-4097-9977-9298C60D977C}.Release|Any CPU.Build.0 = Release|Any CPU
		{87305962-7E4A-43FF-95EF-075AFAFA7FE5}.Debug|Any CPU.ActiveCfg = Debug|Any CPU
		{87305962-7E4A-43FF-95EF-075AFAFA7FE5}.Debug|Any CPU.Build.0 = Debug|Any CPU
		{87305962-7E4A-43FF-95EF-075AFAFA7FE5}.Release|Any CPU.ActiveCfg = Release|Any CPU
		{87305962-7E4A-43FF-95EF-075AFAFA7FE5}.Release|Any CPU.Build.0 = Release|Any CPU
		{F4B985A2-03AA-4984-ABC4-4E98B4416CDD}.Debug|Any CPU.ActiveCfg = Debug|Any CPU
		{F4B985A2-03AA-4984-ABC4-4E98B4416CDD}.Debug|Any CPU.Build.0 = Debug|Any CPU
		{F4B985A2-03AA-4984-ABC4-4E98B4416CDD}.Release|Any CPU.ActiveCfg = Release|Any CPU
		{F4B985A2-03AA-4984-ABC4-4E98B4416CDD}.Release|Any CPU.Build.0 = Release|Any CPU
		{46AED508-3BE7-4F68-9E8C-C61F41E6EFE7}.Debug|Any CPU.ActiveCfg = Debug|Any CPU
		{46AED508-3BE7-4F68-9E8C-C61F41E6EFE7}.Debug|Any CPU.Build.0 = Debug|Any CPU
		{46AED508-3BE7-4F68-9E8C-C61F41E6EFE7}.Release|Any CPU.ActiveCfg = Release|Any CPU
		{46AED508-3BE7-4F68-9E8C-C61F41E6EFE7}.Release|Any CPU.Build.0 = Release|Any CPU
		{5C0DEBF9-6874-4294-BDDE-2C74FC47ABB1}.Debug|Any CPU.ActiveCfg = Debug|Any CPU
		{5C0DEBF9-6874-4294-BDDE-2C74FC47ABB1}.Debug|Any CPU.Build.0 = Debug|Any CPU
		{5C0DEBF9-6874-4294-BDDE-2C74FC47ABB1}.Release|Any CPU.ActiveCfg = Release|Any CPU
		{5C0DEBF9-6874-4294-BDDE-2C74FC47ABB1}.Release|Any CPU.Build.0 = Release|Any CPU
		{F368A1CF-B2E6-4C76-9820-AE6A06198E74}.Debug|Any CPU.ActiveCfg = Debug|Any CPU
		{F368A1CF-B2E6-4C76-9820-AE6A06198E74}.Debug|Any CPU.Build.0 = Debug|Any CPU
		{F368A1CF-B2E6-4C76-9820-AE6A06198E74}.Release|Any CPU.ActiveCfg = Release|Any CPU
		{F368A1CF-B2E6-4C76-9820-AE6A06198E74}.Release|Any CPU.Build.0 = Release|Any CPU
		{0578F891-5D69-4956-B153-591F8DB923B1}.Debug|Any CPU.ActiveCfg = Debug|Any CPU
		{0578F891-5D69-4956-B153-591F8DB923B1}.Debug|Any CPU.Build.0 = Debug|Any CPU
		{0578F891-5D69-4956-B153-591F8DB923B1}.Release|Any CPU.ActiveCfg = Release|Any CPU
		{0578F891-5D69-4956-B153-591F8DB923B1}.Release|Any CPU.Build.0 = Release|Any CPU
		{8C5A0A06-2F37-4F1C-A798-BFE3230FD9B9}.Debug|Any CPU.ActiveCfg = Debug|Any CPU
		{8C5A0A06-2F37-4F1C-A798-BFE3230FD9B9}.Debug|Any CPU.Build.0 = Debug|Any CPU
		{8C5A0A06-2F37-4F1C-A798-BFE3230FD9B9}.Release|Any CPU.ActiveCfg = Release|Any CPU
		{8C5A0A06-2F37-4F1C-A798-BFE3230FD9B9}.Release|Any CPU.Build.0 = Release|Any CPU
		{3557BF11-DE3C-411F-8BB8-627CCC2B60E1}.Debug|Any CPU.ActiveCfg = Debug|Any CPU
		{3557BF11-DE3C-411F-8BB8-627CCC2B60E1}.Debug|Any CPU.Build.0 = Debug|Any CPU
		{3557BF11-DE3C-411F-8BB8-627CCC2B60E1}.Release|Any CPU.ActiveCfg = Release|Any CPU
		{3557BF11-DE3C-411F-8BB8-627CCC2B60E1}.Release|Any CPU.Build.0 = Release|Any CPU
		{7CFB7D45-CB87-4814-9B30-D1674C6B2B84}.Debug|Any CPU.ActiveCfg = Debug|Any CPU
		{7CFB7D45-CB87-4814-9B30-D1674C6B2B84}.Debug|Any CPU.Build.0 = Debug|Any CPU
		{7CFB7D45-CB87-4814-9B30-D1674C6B2B84}.Release|Any CPU.ActiveCfg = Release|Any CPU
		{7CFB7D45-CB87-4814-9B30-D1674C6B2B84}.Release|Any CPU.Build.0 = Release|Any CPU
		{BA28803D-647A-4BF0-A1FC-920AA7B67738}.Debug|Any CPU.ActiveCfg = Debug|Any CPU
		{BA28803D-647A-4BF0-A1FC-920AA7B67738}.Debug|Any CPU.Build.0 = Debug|Any CPU
		{BA28803D-647A-4BF0-A1FC-920AA7B67738}.Release|Any CPU.ActiveCfg = Release|Any CPU
		{BA28803D-647A-4BF0-A1FC-920AA7B67738}.Release|Any CPU.Build.0 = Release|Any CPU
		{A5493C39-A1CD-41B4-A161-A210B8AA2F92}.Debug|Any CPU.ActiveCfg = Debug|Any CPU
		{A5493C39-A1CD-41B4-A161-A210B8AA2F92}.Debug|Any CPU.Build.0 = Debug|Any CPU
		{A5493C39-A1CD-41B4-A161-A210B8AA2F92}.Release|Any CPU.ActiveCfg = Release|Any CPU
		{A5493C39-A1CD-41B4-A161-A210B8AA2F92}.Release|Any CPU.Build.0 = Release|Any CPU
		{75D861A3-0B02-4831-A9DB-8402539F991C}.Debug|Any CPU.ActiveCfg = Debug|Any CPU
		{75D861A3-0B02-4831-A9DB-8402539F991C}.Debug|Any CPU.Build.0 = Debug|Any CPU
		{75D861A3-0B02-4831-A9DB-8402539F991C}.Release|Any CPU.ActiveCfg = Release|Any CPU
		{75D861A3-0B02-4831-A9DB-8402539F991C}.Release|Any CPU.Build.0 = Release|Any CPU
	EndGlobalSection
	GlobalSection(SolutionProperties) = preSolution
		HideSolutionNode = FALSE
	EndGlobalSection
	GlobalSection(NestedProjects) = preSolution
		{0F7615B9-6ECC-4CCC-94AD-A79767C46D52} = {2E32A786-B1E4-40C6-8237-32526CB3EFB9}
		{C61DF593-BC02-4B81-B556-08F341FCD73A} = {0F7615B9-6ECC-4CCC-94AD-A79767C46D52}
		{3EA89FF2-0052-46AA-9A3C-74960E386306} = {2E32A786-B1E4-40C6-8237-32526CB3EFB9}
		{1FBDE556-92D9-4B73-AF5F-FA43FCA33135} = {3EA89FF2-0052-46AA-9A3C-74960E386306}
		{3A1FB067-7BAA-4A33-B85C-DEC0486D6897} = {3EA89FF2-0052-46AA-9A3C-74960E386306}
		{95C44271-76C2-4DA2-BF1D-43F6BA9CBAD6} = {3EA89FF2-0052-46AA-9A3C-74960E386306}
		{1713433E-D5DD-4D97-B72E-4A381BF61A21} = {2E32A786-B1E4-40C6-8237-32526CB3EFB9}
		{26160C1C-36E0-41DA-AA67-66484B1B33B4} = {1713433E-D5DD-4D97-B72E-4A381BF61A21}
		{78907610-9B9D-42B1-80E3-3F4794046DA7} = {1713433E-D5DD-4D97-B72E-4A381BF61A21}
		{47725A05-DA9A-477D-B3F1-8DD0EDE35F78} = {1713433E-D5DD-4D97-B72E-4A381BF61A21}
		{A72F9913-A77C-4F85-864E-509DEEE5AB81} = {1713433E-D5DD-4D97-B72E-4A381BF61A21}
		{D983A532-EE4A-4B68-8F25-E48BAED9B042} = {2E32A786-B1E4-40C6-8237-32526CB3EFB9}
		{A715F6E4-D7DA-4852-8AC8-69F68002AF8B} = {D983A532-EE4A-4B68-8F25-E48BAED9B042}
		{F54A6F6B-4926-4375-AEE6-78409403FE18} = {D983A532-EE4A-4B68-8F25-E48BAED9B042}
		{F12589BC-1FCE-4B26-AB9F-DF7E73422AAA} = {2E32A786-B1E4-40C6-8237-32526CB3EFB9}
		{7D7EA859-6362-48EE-8D83-EDB69AE3B02E} = {F12589BC-1FCE-4B26-AB9F-DF7E73422AAA}
		{87CD66BA-A345-41F4-AE31-B91ED3834EEB} = {F12589BC-1FCE-4B26-AB9F-DF7E73422AAA}
		{0541D36A-8911-4225-ABC4-ECA8E3E25F4D} = {F12589BC-1FCE-4B26-AB9F-DF7E73422AAA}
		{A32040A2-4D1A-48AF-845C-B0E8115C5165} = {2E32A786-B1E4-40C6-8237-32526CB3EFB9}
		{180A584C-4A98-4AE2-AC0E-9E8CDE7C4699} = {A32040A2-4D1A-48AF-845C-B0E8115C5165}
		{0107BF9E-8C9E-4BC5-9912-9298D191C3F7} = {A32040A2-4D1A-48AF-845C-B0E8115C5165}
		{0E43E78A-D490-4097-9977-9298C60D977C} = {A32040A2-4D1A-48AF-845C-B0E8115C5165}
		{E7382407-46BB-44CC-B9B1-8891FAE47B3A} = {2E32A786-B1E4-40C6-8237-32526CB3EFB9}
		{87305962-7E4A-43FF-95EF-075AFAFA7FE5} = {E7382407-46BB-44CC-B9B1-8891FAE47B3A}
		{5C0DEBF9-6874-4294-BDDE-2C74FC47ABB1} = {59CB8F58-C619-4EFF-B58B-18CC31BB6C9B}
		{F368A1CF-B2E6-4C76-9820-AE6A06198E74} = {1B413FD2-7B7A-4435-B437-63A7CCEA9D89}
		{0578F891-5D69-4956-B153-591F8DB923B1} = {59CB8F58-C619-4EFF-B58B-18CC31BB6C9B}
		{8C5A0A06-2F37-4F1C-A798-BFE3230FD9B9} = {1B413FD2-7B7A-4435-B437-63A7CCEA9D89}
		{3557BF11-DE3C-411F-8BB8-627CCC2B60E1} = {1B413FD2-7B7A-4435-B437-63A7CCEA9D89}
		{7CFB7D45-CB87-4814-9B30-D1674C6B2B84} = {1B413FD2-7B7A-4435-B437-63A7CCEA9D89}
		{BA28803D-647A-4BF0-A1FC-920AA7B67738} = {1B413FD2-7B7A-4435-B437-63A7CCEA9D89}
		{A5493C39-A1CD-41B4-A161-A210B8AA2F92} = {59CB8F58-C619-4EFF-B58B-18CC31BB6C9B}
		{75D861A3-0B02-4831-A9DB-8402539F991C} = {59CB8F58-C619-4EFF-B58B-18CC31BB6C9B}
	EndGlobalSection
EndGlobal
